
Microsoft Visual Studio Solution File, Format Version 12.00
# Visual Studio 15
VisualStudioVersion = 15.0.28307.438
MinimumVisualStudioVersion = 10.0.40219.1
Project("{9A19103F-16F7-4668-BE54-9A1E7A4F7556}") = "EchoBot", "EchoBot\EchoBot.csproj", "{A64DB61F-8B2F-43F4-AE9E-1295AD58B210}"
EndProject
Project("{FAE04EC0-301F-11D3-BF4B-00C04F79EFBC}") = "ApiHakoBot", "ApiHakoBot\ApiHakoBot.csproj", "{F1C671AC-D3F7-4CE0-B862-A3BC249FFA20}"
EndProject
Project("{9A19103F-16F7-4668-BE54-9A1E7A4F7556}") = "SMTPHakoBot", "SMTPHakoBot\SMTPHakoBot.csproj", "{42EF80C0-1BC2-4261-883C-5AE6201FFC44}"
EndProject
Global
	GlobalSection(SolutionConfigurationPlatforms) = preSolution
		Debug|Any CPU = Debug|Any CPU
		Release|Any CPU = Release|Any CPU
	EndGlobalSection
	GlobalSection(ProjectConfigurationPlatforms) = postSolution
		{A64DB61F-8B2F-43F4-AE9E-1295AD58B210}.Debug|Any CPU.ActiveCfg = Debug|Any CPU
		{A64DB61F-8B2F-43F4-AE9E-1295AD58B210}.Debug|Any CPU.Build.0 = Debug|Any CPU
		{A64DB61F-8B2F-43F4-AE9E-1295AD58B210}.Release|Any CPU.ActiveCfg = Release|Any CPU
		{A64DB61F-8B2F-43F4-AE9E-1295AD58B210}.Release|Any CPU.Build.0 = Release|Any CPU
		{F1C671AC-D3F7-4CE0-B862-A3BC249FFA20}.Debug|Any CPU.ActiveCfg = Debug|Any CPU
		{F1C671AC-D3F7-4CE0-B862-A3BC249FFA20}.Debug|Any CPU.Build.0 = Debug|Any CPU
		{F1C671AC-D3F7-4CE0-B862-A3BC249FFA20}.Release|Any CPU.ActiveCfg = Release|Any CPU
		{F1C671AC-D3F7-4CE0-B862-A3BC249FFA20}.Release|Any CPU.Build.0 = Release|Any CPU
		{42EF80C0-1BC2-4261-883C-5AE6201FFC44}.Debug|Any CPU.ActiveCfg = Debug|Any CPU
		{42EF80C0-1BC2-4261-883C-5AE6201FFC44}.Debug|Any CPU.Build.0 = Debug|Any CPU
		{42EF80C0-1BC2-4261-883C-5AE6201FFC44}.Release|Any CPU.ActiveCfg = Release|Any CPU
		{42EF80C0-1BC2-4261-883C-5AE6201FFC44}.Release|Any CPU.Build.0 = Release|Any CPU
	EndGlobalSection
	GlobalSection(SolutionProperties) = preSolution
		HideSolutionNode = FALSE
	EndGlobalSection
	GlobalSection(ExtensibilityGlobals) = postSolution
		SolutionGuid = {856232F9-3E05-4F34-9B42-EB93FA0FDDB4}
	EndGlobalSection
EndGlobal
